
Microsoft Visual Studio Solution File, Format Version 12.00
# Visual Studio Version 16
VisualStudioVersion = 16.0.32002.261
MinimumVisualStudioVersion = 10.0.40219.1
Project("{FAE04EC0-301F-11D3-BF4B-00C04F79EFBC}") = "Maestro", "Maestro\Maestro.csproj", "{78827AE8-F93F-491D-8960-28249732D767}"
EndProject
Project("{FAE04EC0-301F-11D3-BF4B-00C04F79EFBC}") = "MaestroTestApp", "MaestroTestApp\MaestroTestApp.csproj", "{D70A9009-B493-47E2-AC1C-F5FACE6E77D5}"
EndProject
Global
	GlobalSection(SolutionConfigurationPlatforms) = preSolution
		Debug|Any CPU = Debug|Any CPU
		Release|Any CPU = Release|Any CPU
	EndGlobalSection
	GlobalSection(ProjectConfigurationPlatforms) = postSolution
		{78827AE8-F93F-491D-8960-28249732D767}.Debug|Any CPU.ActiveCfg = Debug|Any CPU
		{78827AE8-F93F-491D-8960-28249732D767}.Debug|Any CPU.Build.0 = Debug|Any CPU
		{78827AE8-F93F-491D-8960-28249732D767}.Release|Any CPU.ActiveCfg = Release|Any CPU
		{78827AE8-F93F-491D-8960-28249732D767}.Release|Any CPU.Build.0 = Release|Any CPU
		{D70A9009-B493-47E2-AC1C-F5FACE6E77D5}.Debug|Any CPU.ActiveCfg = Debug|Any CPU
		{D70A9009-B493-47E2-AC1C-F5FACE6E77D5}.Debug|Any CPU.Build.0 = Debug|Any CPU
		{D70A9009-B493-47E2-AC1C-F5FACE6E77D5}.Release|Any CPU.ActiveCfg = Release|Any CPU
		{D70A9009-B493-47E2-AC1C-F5FACE6E77D5}.Release|Any CPU.Build.0 = Release|Any CPU
	EndGlobalSection
	GlobalSection(SolutionProperties) = preSolution
		HideSolutionNode = FALSE
	EndGlobalSection
	GlobalSection(ExtensibilityGlobals) = postSolution
		SolutionGuid = {EC96BD3A-D167-4C6E-A6C8-75E764CDA68D}
	EndGlobalSection
EndGlobal
